
Microsoft Visual Studio Solution File, Format Version 12.00
# Visual Studio Version 17
VisualStudioVersion = 17.11.35303.130
MinimumVisualStudioVersion = 10.0.40219.1
Project("{FAE04EC0-301F-11D3-BF4B-00C04F79EFBC}") = "ChatEjemploBibliotecaClase", "ChatEjemploBibliotecaClase\ChatEjemploBibliotecaClase.csproj", "{FA1255F3-B75E-4D5A-A6EE-4651631F97B9}"
EndProject
Global
	GlobalSection(SolutionConfigurationPlatforms) = preSolution
		Debug|Any CPU = Debug|Any CPU
		Release|Any CPU = Release|Any CPU
	EndGlobalSection
	GlobalSection(ProjectConfigurationPlatforms) = postSolution
		{FA1255F3-B75E-4D5A-A6EE-4651631F97B9}.Debug|Any CPU.ActiveCfg = Debug|Any CPU
		{FA1255F3-B75E-4D5A-A6EE-4651631F97B9}.Debug|Any CPU.Build.0 = Debug|Any CPU
		{FA1255F3-B75E-4D5A-A6EE-4651631F97B9}.Release|Any CPU.ActiveCfg = Release|Any CPU
		{FA1255F3-B75E-4D5A-A6EE-4651631F97B9}.Release|Any CPU.Build.0 = Release|Any CPU
	EndGlobalSection
	GlobalSection(SolutionProperties) = preSolution
		HideSolutionNode = FALSE
	EndGlobalSection
	GlobalSection(ExtensibilityGlobals) = postSolution
		SolutionGuid = {4D4A318D-B895-4800-AE2F-F35482442D1D}
	EndGlobalSection
EndGlobal
